{
  "nodes": {
    "absolut-series-scanner": {
      "flake": false,
      "locked": {
        "lastModified": 1669657101,
        "narHash": "sha256-wzpI2f8YrjOUCyNFPBeUTLuZV4wpqr6oi4cWBs4MbOk=",
        "owner": "ZeroQI",
        "repo": "Absolute-Series-Scanner",
        "rev": "100c5081adcc928b4c23f2ad51c5aee8ba64eb0a",
        "type": "github"
      },
      "original": {
        "owner": "ZeroQI",
        "repo": "Absolute-Series-Scanner",
        "type": "github"
      }
    },
    "agenix": {
      "inputs": {
        "darwin": "darwin",
        "nixpkgs": "nixpkgs"
      },
      "locked": {
        "lastModified": 1677969766,
        "narHash": "sha256-AIp/ZYZMNLDZR/H7iiAlaGpu4lcXsVt9JQpBlf43HRY=",
        "owner": "ryantm",
        "repo": "agenix",
        "rev": "03b51fe8e459a946c4b88dcfb6446e45efb2c24e",
        "type": "github"
      },
      "original": {
        "owner": "ryantm",
        "repo": "agenix",
        "type": "github"
      }
    },
    "cmus-notify": {
      "flake": false,
      "locked": {
        "lastModified": 1612135493,
        "narHash": "sha256-D0kt7ZJJmFceJC2Gp/MLRzIcwfWfr0FVSBbNOmsofOo=",
        "owner": "dcx86r",
        "repo": "cmus-notify",
        "rev": "e6c34df22d0eba52e60bddcfda9b3f2f8233eb3c",
        "type": "github"
      },
      "original": {
        "owner": "dcx86r",
        "repo": "cmus-notify",
        "type": "github"
      }
    },
    "crane": {
      "flake": false,
      "locked": {
        "lastModified": 1670900067,
        "narHash": "sha256-VXVa+KBfukhmWizaiGiHRVX/fuk66P8dgSFfkVN4/MY=",
        "owner": "ipetkov",
        "repo": "crane",
        "rev": "59b31b41a589c0a65e4a1f86b0e5eac68081468b",
        "type": "github"
      },
      "original": {
        "owner": "ipetkov",
        "repo": "crane",
        "type": "github"
      }
    },
    "darwin": {
      "inputs": {
        "nixpkgs": [
          "agenix",
          "nixpkgs"
        ]
      },
      "locked": {
        "lastModified": 1673295039,
        "narHash": "sha256-AsdYgE8/GPwcelGgrntlijMg4t3hLFJFCRF3tL5WVjA=",
        "owner": "lnl7",
        "repo": "nix-darwin",
        "rev": "87b9d090ad39b25b2400029c64825fc2a8868943",
        "type": "github"
      },
      "original": {
        "owner": "lnl7",
        "ref": "master",
        "repo": "nix-darwin",
        "type": "github"
      }
    },
    "deploy-rs": {
      "inputs": {
        "flake-compat": "flake-compat",
        "nixpkgs": "nixpkgs_2",
        "utils": "utils"
      },
      "locked": {
        "lastModified": 1674127017,
        "narHash": "sha256-QO1xF7stu5ZMDLbHN30LFolMAwY6TVlzYvQoUs1RD68=",
        "owner": "serokell",
        "repo": "deploy-rs",
        "rev": "8c9ea9605eed20528bf60fae35a2b613b901fd77",
        "type": "github"
      },
      "original": {
        "owner": "serokell",
        "repo": "deploy-rs",
        "type": "github"
      }
    },
    "devshell": {
      "inputs": {
        "flake-utils": "flake-utils_3",
        "nixpkgs": "nixpkgs_3"
      },
      "locked": {
        "lastModified": 1678957337,
        "narHash": "sha256-Gw4nVbuKRdTwPngeOZQOzH/IFowmz4LryMPDiJN/ah4=",
        "owner": "numtide",
        "repo": "devshell",
        "rev": "3e0e60ab37cd0bf7ab59888f5c32499d851edb47",
        "type": "github"
      },
      "original": {
        "owner": "numtide",
        "repo": "devshell",
        "type": "github"
      }
    },
    "dream2nix": {
      "inputs": {
        "alejandra": [
          "helix",
          "nci"
        ],
        "all-cabal-json": [
          "helix",
          "nci"
        ],
        "crane": "crane",
        "devshell": [
          "helix",
          "nci"
        ],
        "flake-parts": [
          "helix",
          "nci",
          "parts"
        ],
        "flake-utils-pre-commit": [
          "helix",
          "nci"
        ],
        "ghc-utils": [
          "helix",
          "nci"
        ],
        "gomod2nix": [
          "helix",
          "nci"
        ],
        "mach-nix": [
          "helix",
          "nci"
        ],
        "nix-pypi-fetcher": [
          "helix",
          "nci"
        ],
        "nixpkgs": [
          "helix",
          "nci",
          "nixpkgs"
        ],
        "poetry2nix": [
          "helix",
          "nci"
        ],
        "pre-commit-hooks": [
          "helix",
          "nci"
        ],
        "pruned-racket-catalog": [
          "helix",
          "nci"
        ]
      },
      "locked": {
        "lastModified": 1677289985,
        "narHash": "sha256-lUp06cTTlWubeBGMZqPl9jODM99LpWMcwxRiscFAUJg=",
        "owner": "nix-community",
        "repo": "dream2nix",
        "rev": "28b973a8d4c30cc1cbb3377ea2023a76bc3fb889",
        "type": "github"
      },
      "original": {
        "owner": "nix-community",
        "repo": "dream2nix",
        "type": "github"
      }
    },
    "fcitx5-adwaita": {
      "flake": false,
      "locked": {
        "lastModified": 1630136072,
        "narHash": "sha256-A71xTbAvX9iae4T8TvflJuv7NV+lXZr3nb7L6f2/IZs=",
        "owner": "escape0707",
        "repo": "fcitx5-adwaita-dark",
        "rev": "1d45848312368595f3eeb9c246f203ca7032cbdd",
        "type": "github"
      },
      "original": {
        "owner": "escape0707",
        "repo": "fcitx5-adwaita-dark",
        "type": "github"
      }
    },
    "fenix": {
      "inputs": {
        "nixpkgs": [
          "herbst3",
          "nixpkgs"
        ],
        "rust-analyzer-src": "rust-analyzer-src"
      },
      "locked": {
        "lastModified": 1679034149,
        "narHash": "sha256-co0/7W2PkcuDfaWqeCWXtj/URT2nHklBbLSvg5wfieA=",
        "ref": "main",
        "rev": "8597ee3e7cc6e98e297a907c533d8d32a59d6c56",
        "revCount": 1398,
        "type": "git",
        "url": "https://github.com/nix-community/fenix.git"
      },
      "original": {
        "ref": "main",
        "type": "git",
        "url": "https://github.com/nix-community/fenix.git"
      }
    },
    "flake-compat": {
      "flake": false,
      "locked": {
        "lastModified": 1668681692,
        "narHash": "sha256-Ht91NGdewz8IQLtWZ9LCeNXMSXHUss+9COoqu6JLmXU=",
        "owner": "edolstra",
        "repo": "flake-compat",
        "rev": "009399224d5e398d03b22badca40a37ac85412a1",
        "type": "github"
      },
      "original": {
        "owner": "edolstra",
        "repo": "flake-compat",
        "type": "github"
      }
    },
    "flake-utils": {
      "locked": {
        "lastModified": 1678901627,
        "narHash": "sha256-U02riOqrKKzwjsxc/400XnElV+UtPUQWpANPlyazjH0=",
        "owner": "numtide",
        "repo": "flake-utils",
        "rev": "93a2b84fc4b70d9e089d029deacc3583435c2ed6",
        "type": "github"
      },
      "original": {
        "owner": "numtide",
        "repo": "flake-utils",
        "type": "github"
      }
    },
    "flake-utils_2": {
      "locked": {
        "lastModified": 1659877975,
        "narHash": "sha256-zllb8aq3YO3h8B/U0/J1WBgAL8EX5yWf5pMj3G0NAmc=",
        "owner": "numtide",
        "repo": "flake-utils",
        "rev": "c0e246b9b83f637f4681389ecabcb2681b4f3af0",
        "type": "github"
      },
      "original": {
        "owner": "numtide",
        "repo": "flake-utils",
        "type": "github"
      }
    },
    "flake-utils_3": {
      "locked": {
        "lastModified": 1642700792,
        "narHash": "sha256-XqHrk7hFb+zBvRg6Ghl+AZDq03ov6OshJLiSWOoX5es=",
        "owner": "numtide",
        "repo": "flake-utils",
        "rev": "846b2ae0fc4cc943637d3d1def4454213e203cba",
        "type": "github"
      },
      "original": {
        "owner": "numtide",
        "repo": "flake-utils",
        "type": "github"
      }
    },
    "flake-utils_4": {
      "locked": {
        "lastModified": 1676283394,
        "narHash": "sha256-XX2f9c3iySLCw54rJ/CZs+ZK6IQy7GXNY4nSOyu2QG4=",
        "owner": "numtide",
        "repo": "flake-utils",
        "rev": "3db36a8b464d0c4532ba1c7dda728f4576d6d073",
        "type": "github"
      },
      "original": {
        "owner": "numtide",
        "repo": "flake-utils",
        "type": "github"
      }
    },
    "gobot": {
      "flake": false,
      "locked": {
        "lastModified": 1659204481,
        "narHash": "sha256-kIFI2ZugQmhAv0v1bLQjWTCUWc14nKaz1JB2dr3q8Vc=",
        "owner": "c0nvulsiv3",
        "repo": "gobot",
        "rev": "ce4f8b1fd6a253fcf14076b96c7016179f2bd054",
        "type": "github"
      },
      "original": {
        "owner": "c0nvulsiv3",
        "repo": "gobot",
        "type": "github"
      }
    },
    "hama-bundle": {
      "flake": false,
      "locked": {
        "lastModified": 1673861780,
        "narHash": "sha256-pH7oO0dsTA2zXsquwCV6z8IdNoDwippP806KT9TX4RU=",
        "owner": "ZeroQI",
        "repo": "Hama.bundle",
        "rev": "c6987a00e68b23883a263481c823bb7aa7684c21",
        "type": "github"
      },
      "original": {
        "owner": "ZeroQI",
        "repo": "Hama.bundle",
        "type": "github"
      }
    },
    "helix": {
      "inputs": {
        "nci": "nci",
        "nixpkgs": [
          "nixpkgs-unstable"
        ],
        "parts": "parts_2",
        "rust-overlay": "rust-overlay"
      },
      "locked": {
        "lastModified": 1679156200,
        "narHash": "sha256-mSY03t+ZmbQoxYUTNVodtwIS3q6ROi8cgALJxTSbcAY=",
        "owner": "helix-editor",
        "repo": "helix",
        "rev": "770496511c67cf276f0b0a292e7a82fbd1b5f778",
        "type": "github"
      },
      "original": {
        "owner": "helix-editor",
        "repo": "helix",
        "type": "github"
      }
    },
    "herbst3": {
      "inputs": {
        "devshell": "devshell",
        "fenix": "fenix",
        "naersk": "naersk",
        "nixpkgs": "nixpkgs_4",
        "utils": "utils_2"
      },
      "locked": {
        "lastModified": 1679153187,
        "narHash": "sha256-btKhqDfwLqRxRgvm7CgHi/MlFMoTQBRdqLhtOPZliDQ=",
        "owner": "sevenautumns",
        "repo": "herbst3",
        "rev": "404c055adf3aeb6e95a574cf8ec8be546ec1020c",
        "type": "github"
      },
      "original": {
        "owner": "sevenautumns",
        "repo": "herbst3",
        "type": "github"
      }
    },
    "herbstluftwm": {
      "flake": false,
      "locked": {
        "lastModified": 1678357658,
        "narHash": "sha256-v0HUTjloBbiQi7pHp548IeU0ShZP/dpOR33X7r9GZ5E=",
        "owner": "herbstluftwm",
        "repo": "herbstluftwm",
        "rev": "25588616e0f3d8c0cc1b07c27ca6f0fd6ed10cd1",
        "type": "github"
      },
      "original": {
        "owner": "herbstluftwm",
        "repo": "herbstluftwm",
        "type": "github"
      }
    },
    "home-manager": {
      "inputs": {
        "nixpkgs": [
          "nixpkgs-unstable"
        ],
        "utils": [
          "flake-utils"
        ]
      },
      "locked": {
        "lastModified": 1679067095,
        "narHash": "sha256-G2dJQURL/CCi+8RP6jNJG8VqgtzEMCA+6mNodd3VR6E=",
        "owner": "nix-community",
        "repo": "home-manager",
        "rev": "3239e0b40f242f47bf6c0c37b2fd35ab3e76e370",
        "type": "github"
      },
      "original": {
        "owner": "nix-community",
        "repo": "home-manager",
        "type": "github"
      }
    },
    "kcc": {
      "flake": false,
      "locked": {
        "lastModified": 1677796931,
        "narHash": "sha256-v49B9MP5MndPBCf8htEvOcjwlPZkJDEYXxIEDv4MTgM=",
        "owner": "ciromattia",
        "repo": "kcc",
        "rev": "41d24e77e19514ced661a1b9df4055b7c931c07b",
        "type": "github"
      },
      "original": {
        "owner": "ciromattia",
        "repo": "kcc",
        "type": "github"
      }
    },
    "mk-naked-shell": {
      "flake": false,
      "locked": {
        "lastModified": 1676572903,
        "narHash": "sha256-oQoDHHUTxNVSURfkFcYLuAK+btjs30T4rbEUtCUyKy8=",
        "owner": "yusdacra",
        "repo": "mk-naked-shell",
        "rev": "aeca9f8aa592f5e8f71f407d081cb26fd30c5a57",
        "type": "github"
      },
      "original": {
        "owner": "yusdacra",
        "repo": "mk-naked-shell",
        "type": "github"
      }
    },
    "myanimelist-bundle": {
      "flake": false,
      "locked": {
        "lastModified": 1670396277,
        "narHash": "sha256-EUD09H9ftCFm+pgIuyolrLCD6LbC8gZMZ5A875pbnb8=",
        "owner": "Fribb",
        "repo": "MyAnimeList.bundle",
        "rev": "69951e1e5e543a0e014baff694a4abb284027b58",
        "type": "github"
      },
      "original": {
        "owner": "Fribb",
        "repo": "MyAnimeList.bundle",
        "type": "github"
      }
    },
    "naersk": {
      "inputs": {
        "nixpkgs": [
          "herbst3",
          "nixpkgs"
        ]
      },
      "locked": {
        "lastModified": 1671096816,
        "narHash": "sha256-ezQCsNgmpUHdZANDCILm3RvtO1xH8uujk/+EqNvzIOg=",
        "ref": "refs/heads/master",
        "rev": "d998160d6a076cfe8f9741e56aeec7e267e3e114",
        "revCount": 306,
        "type": "git",
        "url": "https://github.com/nix-community/naersk.git"
      },
      "original": {
        "type": "git",
        "url": "https://github.com/nix-community/naersk.git"
      }
    },
    "nci": {
      "inputs": {
        "dream2nix": "dream2nix",
        "mk-naked-shell": "mk-naked-shell",
        "nixpkgs": [
          "helix",
          "nixpkgs"
        ],
        "parts": "parts",
        "rust-overlay": [
          "helix",
          "rust-overlay"
        ]
      },
      "locked": {
        "lastModified": 1677297103,
        "narHash": "sha256-ArlJIbp9NGV9yvhZdV0SOUFfRlI/kHeKoCk30NbSiLc=",
        "owner": "yusdacra",
        "repo": "nix-cargo-integration",
        "rev": "a79272a2cb0942392bb3a5bf9a3ec6bc568795b2",
        "type": "github"
      },
      "original": {
        "owner": "yusdacra",
        "repo": "nix-cargo-integration",
        "type": "github"
      }
    },
    "nil": {
      "inputs": {
        "flake-utils": "flake-utils_4",
        "nixpkgs": [
          "nixpkgs-unstable"
        ],
        "rust-overlay": "rust-overlay_2"
      },
      "locked": {
        "lastModified": 1678728829,
        "narHash": "sha256-KbA8uakGfjfvRH+Td/VegiLdHrnqIZHkMTQ5XBjL2dE=",
        "owner": "oxalica",
        "repo": "nil",
        "rev": "e7045f1779fd202a3316f84b864c304f339cccea",
        "type": "github"
      },
      "original": {
        "owner": "oxalica",
        "repo": "nil",
        "type": "github"
      }
    },
    "nixpkgs": {
      "locked": {
        "lastModified": 1677676435,
        "narHash": "sha256-6FxdcmQr5JeZqsQvfinIMr0XcTyTuR7EXX0H3ANShpQ=",
        "owner": "NixOS",
        "repo": "nixpkgs",
        "rev": "a08d6979dd7c82c4cef0dcc6ac45ab16051c1169",
        "type": "github"
      },
      "original": {
        "owner": "NixOS",
        "ref": "nixos-unstable",
        "repo": "nixpkgs",
        "type": "github"
      }
    },
    "nixpkgs-lib": {
      "locked": {
        "dir": "lib",
        "lastModified": 1675183161,
        "narHash": "sha256-Zq8sNgAxDckpn7tJo7V1afRSk2eoVbu3OjI1QklGLNg=",
        "owner": "NixOS",
        "repo": "nixpkgs",
        "rev": "e1e1b192c1a5aab2960bf0a0bd53a2e8124fa18e",
        "type": "github"
      },
      "original": {
        "dir": "lib",
        "owner": "NixOS",
        "ref": "nixos-unstable",
        "repo": "nixpkgs",
        "type": "github"
      }
    },
    "nixpkgs-stable": {
      "locked": {
        "lastModified": 1672580127,
        "narHash": "sha256-3lW3xZslREhJogoOkjeZtlBtvFMyxHku7I/9IVehhT8=",
        "owner": "nixos",
        "repo": "nixpkgs",
        "rev": "0874168639713f547c05947c76124f78441ea46c",
        "type": "github"
      },
      "original": {
        "owner": "nixos",
        "ref": "nixos-22.05",
        "repo": "nixpkgs",
        "type": "github"
      }
    },
    "nixpkgs-unstable": {
      "locked": {
        "lastModified": 1679081381,
        "narHash": "sha256-n4+SbrVohxbgbmOTkodfxc3d8W38OfKowD6YNA8j27o=",
        "owner": "nixos",
        "repo": "nixpkgs",
        "rev": "b573a7f69484a7d213680abb70b4f95bdc28eee5",
        "type": "github"
      },
      "original": {
        "owner": "nixos",
        "ref": "nixos-unstable",
        "repo": "nixpkgs",
        "type": "github"
      }
    },
    "nixpkgs_2": {
      "locked": {
        "lastModified": 1671417167,
        "narHash": "sha256-JkHam6WQOwZN1t2C2sbp1TqMv3TVRjzrdoejqfefwrM=",
        "owner": "NixOS",
        "repo": "nixpkgs",
        "rev": "bb31220cca6d044baa6dc2715b07497a2a7c4bc7",
        "type": "github"
      },
      "original": {
        "owner": "NixOS",
        "ref": "nixpkgs-unstable",
        "repo": "nixpkgs",
        "type": "github"
      }
    },
    "nixpkgs_3": {
      "locked": {
        "lastModified": 1677383253,
        "narHash": "sha256-UfpzWfSxkfXHnb4boXZNaKsAcUrZT9Hw+tao1oZxd08=",
        "owner": "NixOS",
        "repo": "nixpkgs",
        "rev": "9952d6bc395f5841262b006fbace8dd7e143b634",
        "type": "github"
      },
      "original": {
        "owner": "NixOS",
        "ref": "nixpkgs-unstable",
        "repo": "nixpkgs",
        "type": "github"
      }
    },
    "nixpkgs_4": {
      "locked": {
        "lastModified": 1678898370,
        "narHash": "sha256-xTICr1j+uat5hk9FyuPOFGxpWHdJRibwZC+ATi0RbtE=",
        "owner": "nixos",
        "repo": "nixpkgs",
        "rev": "ac718d02867a84b42522a0ece52d841188208f2c",
        "type": "github"
      },
      "original": {
        "owner": "nixos",
        "ref": "nixos-unstable",
        "repo": "nixpkgs",
        "type": "github"
      }
    },
    "nur": {
      "locked": {
        "lastModified": 1679215591,
        "narHash": "sha256-o/vmqJThxX60GDyjUkqy+SPfQWD9creMtOiDcqcX/H0=",
        "owner": "nix-community",
        "repo": "NUR",
        "rev": "18edaf9bc8073526487fa320e7b4e3f313c81a15",
        "type": "github"
      },
      "original": {
        "owner": "nix-community",
        "repo": "NUR",
        "type": "github"
      }
    },
    "parts": {
      "inputs": {
        "nixpkgs-lib": [
          "helix",
          "nci",
          "nixpkgs"
        ]
      },
      "locked": {
        "lastModified": 1675933616,
        "narHash": "sha256-/rczJkJHtx16IFxMmAWu5nNYcSXNg1YYXTHoGjLrLUA=",
        "owner": "hercules-ci",
        "repo": "flake-parts",
        "rev": "47478a4a003e745402acf63be7f9a092d51b83d7",
        "type": "github"
      },
      "original": {
        "owner": "hercules-ci",
        "repo": "flake-parts",
        "type": "github"
      }
    },
    "parts_2": {
      "inputs": {
        "nixpkgs-lib": "nixpkgs-lib"
      },
      "locked": {
        "lastModified": 1675933616,
        "narHash": "sha256-/rczJkJHtx16IFxMmAWu5nNYcSXNg1YYXTHoGjLrLUA=",
        "owner": "hercules-ci",
        "repo": "flake-parts",
        "rev": "47478a4a003e745402acf63be7f9a092d51b83d7",
        "type": "github"
      },
      "original": {
        "owner": "hercules-ci",
        "repo": "flake-parts",
        "type": "github"
      }
    },
    "root": {
      "inputs": {
        "absolut-series-scanner": "absolut-series-scanner",
        "agenix": "agenix",
        "cmus-notify": "cmus-notify",
        "deploy-rs": "deploy-rs",
        "fcitx5-adwaita": "fcitx5-adwaita",
        "flake-utils": "flake-utils",
        "gobot": "gobot",
        "hama-bundle": "hama-bundle",
        "helix": "helix",
        "herbst3": "herbst3",
        "herbstluftwm": "herbstluftwm",
        "home-manager": "home-manager",
        "kcc": "kcc",
        "myanimelist-bundle": "myanimelist-bundle",
        "nil": "nil",
        "nixpkgs-stable": "nixpkgs-stable",
        "nixpkgs-unstable": "nixpkgs-unstable",
        "nur": "nur",
        "services-bundle": "services-bundle",
        "syncplay": "syncplay"
      }
    },
    "rust-analyzer-src": {
      "flake": false,
      "locked": {
        "lastModified": 1678888936,
        "narHash": "sha256-xs5tbRf0k1RA9li0rM7k1ar0sG5DHp9+rpAP7sjhsNw=",
        "owner": "rust-lang",
        "repo": "rust-analyzer",
        "rev": "924d277f32b53219fcaa03226c17b485a081ed16",
        "type": "github"
      },
      "original": {
        "owner": "rust-lang",
        "ref": "nightly",
        "repo": "rust-analyzer",
        "type": "github"
      }
    },
    "rust-overlay": {
      "inputs": {
        "flake-utils": "flake-utils_2",
        "nixpkgs": [
          "helix",
          "nixpkgs"
        ]
      },
      "locked": {
        "lastModified": 1677292251,
        "narHash": "sha256-D+6q5Z2MQn3UFJtqsM5/AvVHi3NXKZTIMZt1JGq/spA=",
        "owner": "oxalica",
        "repo": "rust-overlay",
        "rev": "34cdbf6ad480ce13a6a526f57d8b9e609f3d65dc",
        "type": "github"
      },
      "original": {
        "owner": "oxalica",
        "repo": "rust-overlay",
        "type": "github"
      }
    },
    "rust-overlay_2": {
      "inputs": {
        "flake-utils": [
          "nil",
          "flake-utils"
        ],
        "nixpkgs": [
          "nil",
          "nixpkgs"
        ]
      },
      "locked": {
        "lastModified": 1678415622,
        "narHash": "sha256-tems1jHETCYEen8QrW61yVVX0F4zOGy4ImB43iDc7bY=",
        "owner": "oxalica",
        "repo": "rust-overlay",
        "rev": "9f687941160108f89dd8bd2c650d32c15a35c7c7",
        "type": "github"
      },
      "original": {
        "owner": "oxalica",
        "repo": "rust-overlay",
        "type": "github"
      }
    },
    "services-bundle": {
      "flake": false,
      "locked": {
        "lastModified": 1310880832,
        "narHash": "sha256-igHkDSCWXociyY5u5TzwRDI5K5mYyZCpk7O6aAS5hto=",
        "owner": "pierre1313",
        "repo": "Services.bundle",
        "rev": "57d2257b7826140700e9d3891f0f5c6fbe08dfcf",
        "type": "github"
      },
      "original": {
        "owner": "pierre1313",
        "repo": "Services.bundle",
        "type": "github"
      }
    },
    "syncplay": {
      "flake": false,
      "locked": {
        "lastModified": 1678826919,
        "narHash": "sha256-g8ft2EPmWmcddfWu5PHf6uz9rxnWRhNrvyOAhYmiZJE=",
        "owner": "Syncplay",
        "repo": "syncplay",
        "rev": "a47c4956f744236e4ace502166c89d933d4327d1",
        "type": "github"
      },
      "original": {
        "owner": "Syncplay",
        "repo": "syncplay",
        "type": "github"
      }
    },
    "utils": {
      "locked": {
        "lastModified": 1667395993,
        "narHash": "sha256-nuEHfE/LcWyuSWnS8t12N1wc105Qtau+/OdUAjtQ0rA=",
        "owner": "numtide",
        "repo": "flake-utils",
        "rev": "5aed5285a952e0b949eb3ba02c12fa4fcfef535f",
        "type": "github"
      },
      "original": {
        "owner": "numtide",
        "repo": "flake-utils",
        "type": "github"
      }
    },
    "utils_2": {
      "locked": {
        "lastModified": 1678901627,
        "narHash": "sha256-U02riOqrKKzwjsxc/400XnElV+UtPUQWpANPlyazjH0=",
        "ref": "refs/heads/main",
        "rev": "93a2b84fc4b70d9e089d029deacc3583435c2ed6",
        "revCount": 68,
        "type": "git",
        "url": "https://github.com/numtide/flake-utils.git"
      },
      "original": {
        "type": "git",
        "url": "https://github.com/numtide/flake-utils.git"
      }
    }
  },
  "root": "root",
  "version": 7
}
