{
  "nodes": {
    "absolut-series-scanner": {
      "flake": false,
      "locked": {
        "lastModified": 1654507779,
        "narHash": "sha256-2bdp0e5XES/phLLUP2mngwITUWdZIE6Y6ness86xSNI=",
        "owner": "ZeroQI",
        "repo": "Absolute-Series-Scanner",
        "rev": "4ef18a738c6263a8b96ab6f83ae391d4550b9cc9",
        "type": "github"
      },
      "original": {
        "owner": "ZeroQI",
        "repo": "Absolute-Series-Scanner",
        "type": "github"
      }
    },
    "agenix": {
      "inputs": {
        "nixpkgs": "nixpkgs"
      },
      "locked": {
        "lastModified": 1652712410,
        "narHash": "sha256-hMJ2TqLt0DleEnQFGUHK9sV2aAzJPU8pZeiZoqRozbE=",
        "owner": "ryantm",
        "repo": "agenix",
        "rev": "7e5e58b98c3dcbf497543ff6f22591552ebfe65b",
        "type": "github"
      },
      "original": {
        "owner": "ryantm",
        "repo": "agenix",
        "type": "github"
      }
    },
    "cmus-notify": {
      "flake": false,
      "locked": {
        "lastModified": 1612135493,
        "narHash": "sha256-D0kt7ZJJmFceJC2Gp/MLRzIcwfWfr0FVSBbNOmsofOo=",
        "owner": "dcx86r",
        "repo": "cmus-notify",
        "rev": "e6c34df22d0eba52e60bddcfda9b3f2f8233eb3c",
        "type": "github"
      },
      "original": {
        "owner": "dcx86r",
        "repo": "cmus-notify",
        "type": "github"
      }
    },
    "deploy-rs": {
      "inputs": {
        "flake-compat": "flake-compat",
        "nixpkgs": "nixpkgs_2",
        "utils": "utils"
      },
      "locked": {
        "lastModified": 1653594315,
        "narHash": "sha256-kJ0ENmnQJ4qL2FeYKZba9kvv1KmIuB3NVpBwMeI7AJQ=",
        "owner": "serokell",
        "repo": "deploy-rs",
        "rev": "184349d8149436748986d1bdba087e4149e9c160",
        "type": "github"
      },
      "original": {
        "owner": "serokell",
        "repo": "deploy-rs",
        "type": "github"
      }
    },
    "fcitx5-nord": {
      "flake": false,
      "locked": {
        "lastModified": 1627385945,
        "narHash": "sha256-qVo/0ivZ5gfUP17G29CAW0MrRFUO0KN1ADl1I/rvchE=",
        "owner": "tonyfettes",
        "repo": "fcitx5-nord",
        "rev": "bdaa8fb723b8d0b22f237c9a60195c5f9c9d74d1",
        "type": "github"
      },
      "original": {
        "owner": "tonyfettes",
        "repo": "fcitx5-nord",
        "type": "github"
      }
    },
    "flake-compat": {
      "flake": false,
      "locked": {
        "lastModified": 1648199409,
        "narHash": "sha256-JwPKdC2PoVBkG6E+eWw3j6BMR6sL3COpYWfif7RVb8Y=",
        "owner": "edolstra",
        "repo": "flake-compat",
        "rev": "64a525ee38886ab9028e6f61790de0832aa3ef03",
        "type": "github"
      },
      "original": {
        "owner": "edolstra",
        "repo": "flake-compat",
        "type": "github"
      }
    },
    "flake-compat_2": {
      "flake": false,
      "locked": {
        "lastModified": 1650374568,
        "narHash": "sha256-Z+s0J8/r907g149rllvwhb4pKi8Wam5ij0st8PwAh+E=",
        "owner": "edolstra",
        "repo": "flake-compat",
        "rev": "b4a34015c698c7793d592d66adbab377907a2be8",
        "type": "github"
      },
      "original": {
        "owner": "edolstra",
        "repo": "flake-compat",
        "type": "github"
      }
    },
    "gobot": {
      "flake": false,
      "locked": {
        "lastModified": 1653657726,
        "narHash": "sha256-B3n8V2bPe8hMhPMa2sbF6t+fqfJqppE9GJMl+YMskq8=",
        "owner": "c0nvulsiv3",
        "repo": "gobot",
        "rev": "5c0b91b7ea86fd6f2837c336cc6c5ba7aa39ac55",
        "type": "github"
      },
      "original": {
        "owner": "c0nvulsiv3",
        "repo": "gobot",
        "type": "github"
      }
    },
    "hama-bundle": {
      "flake": false,
      "locked": {
        "lastModified": 1653304584,
        "narHash": "sha256-2aLMfjc/qMImWx3nSBpRIiJJM66PUbACwUmtkKW7QCE=",
        "owner": "ZeroQI",
        "repo": "Hama.bundle",
        "rev": "16c8a40a7b004ed14e46cd457d8c393672a09c5a",
        "type": "github"
      },
      "original": {
        "owner": "ZeroQI",
        "repo": "Hama.bundle",
        "type": "github"
      }
    },
    "homeManager": {
      "inputs": {
        "flake-compat": "flake-compat_2",
        "nixpkgs": [
          "nixpkgs-unstable"
        ],
        "nmd": "nmd",
        "nmt": "nmt",
        "utils": "utils_2"
      },
      "locked": {
        "lastModified": 1654628474,
        "narHash": "sha256-Llm9X8Af15uC9IMStxqjCfO15WgYTqTnsQq8wMcpp5Q=",
        "owner": "nix-community",
        "repo": "home-manager",
        "rev": "70824bb5c790b820b189f62f643f795b1d2ade2e",
        "type": "github"
      },
      "original": {
        "owner": "nix-community",
        "repo": "home-manager",
        "type": "github"
      }
    },
    "lavalink": {
      "flake": false,
      "locked": {
        "narHash": "sha256-iVlWQIodqE+M1vKVsx5Hha1AtgCWZHIC4n3aAdp/SQ0=",
        "type": "file",
        "url": "https://ci.fredboat.com/guestAuth/repository/download/Lavalink_Build/.lastSuccessful/Lavalink.jar?branch=refs%2fheads%2fdev"
      },
      "original": {
        "type": "file",
        "url": "https://ci.fredboat.com/guestAuth/repository/download/Lavalink_Build/.lastSuccessful/Lavalink.jar?branch=refs%2fheads%2fdev"
      }
    },
    "myanimelist-bundle": {
      "flake": false,
      "locked": {
        "lastModified": 1654153544,
        "narHash": "sha256-5F/ILQpvgEEDGFGcxyNkVv9teDT8DEBXSjcFNf1Bdpo=",
        "owner": "Fribb",
        "repo": "MyAnimeList.bundle",
        "rev": "d4b0386b05ec45ecced119acc1b1ccfb24603617",
        "type": "github"
      },
      "original": {
        "owner": "Fribb",
        "repo": "MyAnimeList.bundle",
        "type": "github"
      }
    },
    "nixgl": {
      "inputs": {
        "nixpkgs": [
          "nixpkgs-unstable"
        ]
      },
      "locked": {
        "lastModified": 1654775507,
        "narHash": "sha256-NPkQiaz6Oo5EuWj5hRXMKebAhAfiVtnklii0imR85dE=",
        "owner": "guibou",
        "repo": "nixGL",
        "rev": "1cce2dd704829504d057dacc71daf1c00951460d",
        "type": "github"
      },
      "original": {
        "owner": "guibou",
        "repo": "nixGL",
        "type": "github"
      }
    },
    "nixpkgs": {
      "locked": {
        "lastModified": 1638587357,
        "narHash": "sha256-2ySMW3QARG8BsRPmwe7clTbdCuaObromOKewykP+UJc=",
        "owner": "nixos",
        "repo": "nixpkgs",
        "rev": "e34c5379866833f41e2a36f309912fa675d687c7",
        "type": "github"
      },
      "original": {
        "owner": "nixos",
        "ref": "nixos-21.11",
        "repo": "nixpkgs",
        "type": "github"
      }
    },
    "nixpkgs-stable": {
      "locked": {
        "lastModified": 1654847188,
        "narHash": "sha256-MC+eP7XOGE1LAswOPqdcGoUqY9mEQ3ZaaxamVTbc0hM=",
        "owner": "nixos",
        "repo": "nixpkgs",
        "rev": "8b66e3f2ebcc644b78cec9d6f152192f4e7d322f",
        "type": "github"
      },
      "original": {
        "owner": "nixos",
        "ref": "nixos-22.05",
        "repo": "nixpkgs",
        "type": "github"
      }
    },
    "nixpkgs-unstable": {
      "locked": {
        "lastModified": 1654682581,
        "narHash": "sha256-Jb1PQCwKgwdNAp907eR5zPzuxV+kRroA3UIxUxCMJ9s=",
        "owner": "nixos",
        "repo": "nixpkgs",
        "rev": "e0169d7a9d324afebf5679551407756c77af8930",
        "type": "github"
      },
      "original": {
        "owner": "nixos",
        "ref": "nixos-unstable",
        "repo": "nixpkgs",
        "type": "github"
      }
    },
    "nixpkgs_2": {
      "locked": {
        "lastModified": 1648219316,
        "narHash": "sha256-Ctij+dOi0ZZIfX5eMhgwugfvB+WZSrvVNAyAuANOsnQ=",
        "owner": "NixOS",
        "repo": "nixpkgs",
        "rev": "30d3d79b7d3607d56546dd2a6b49e156ba0ec634",
        "type": "github"
      },
      "original": {
        "owner": "NixOS",
        "ref": "nixpkgs-unstable",
        "repo": "nixpkgs",
        "type": "github"
      }
    },
    "nmd": {
      "flake": false,
      "locked": {
        "lastModified": 1653339422,
        "narHash": "sha256-8nc7lcYOgih3YEmRMlBwZaLLJYpLPYKBlewqHqx8ieg=",
        "owner": "rycee",
        "repo": "nmd",
        "rev": "9e7a20e6ee3f6751f699f79c0b299390f81f7bcd",
        "type": "gitlab"
      },
      "original": {
        "owner": "rycee",
        "repo": "nmd",
        "type": "gitlab"
      }
    },
    "nmt": {
      "flake": false,
      "locked": {
        "lastModified": 1648075362,
        "narHash": "sha256-u36WgzoA84dMVsGXzml4wZ5ckGgfnvS0ryzo/3zn/Pc=",
        "owner": "rycee",
        "repo": "nmt",
        "rev": "d83601002c99b78c89ea80e5e6ba21addcfe12ae",
        "type": "gitlab"
      },
      "original": {
        "owner": "rycee",
        "repo": "nmt",
        "type": "gitlab"
      }
    },
    "nur": {
      "locked": {
        "lastModified": 1654842944,
        "narHash": "sha256-vt/RS6W32xx96rmwm15tzSx9Xd0wg5p8qherY7H3+wo=",
        "owner": "nix-community",
        "repo": "NUR",
        "rev": "f378bcebe4455277d6deb118f11aaaad69db9e9a",
        "type": "github"
      },
      "original": {
        "owner": "nix-community",
        "repo": "NUR",
        "type": "github"
      }
    },
    "root": {
      "inputs": {
        "absolut-series-scanner": "absolut-series-scanner",
        "agenix": "agenix",
        "cmus-notify": "cmus-notify",
        "deploy-rs": "deploy-rs",
        "fcitx5-nord": "fcitx5-nord",
        "gobot": "gobot",
        "hama-bundle": "hama-bundle",
        "homeManager": "homeManager",
        "lavalink": "lavalink",
        "myanimelist-bundle": "myanimelist-bundle",
        "nixgl": "nixgl",
        "nixpkgs-stable": "nixpkgs-stable",
        "nixpkgs-unstable": "nixpkgs-unstable",
        "nur": "nur",
        "services-bundle": "services-bundle"
      }
    },
    "services-bundle": {
      "flake": false,
      "locked": {
        "lastModified": 1310880832,
        "narHash": "sha256-igHkDSCWXociyY5u5TzwRDI5K5mYyZCpk7O6aAS5hto=",
        "owner": "pierre1313",
        "repo": "Services.bundle",
        "rev": "57d2257b7826140700e9d3891f0f5c6fbe08dfcf",
        "type": "github"
      },
      "original": {
        "owner": "pierre1313",
        "repo": "Services.bundle",
        "type": "github"
      }
    },
    "utils": {
      "locked": {
        "lastModified": 1648297722,
        "narHash": "sha256-W+qlPsiZd8F3XkzXOzAoR+mpFqzm3ekQkJNa+PIh1BQ=",
        "owner": "numtide",
        "repo": "flake-utils",
        "rev": "0f8662f1319ad6abf89b3380dd2722369fc51ade",
        "type": "github"
      },
      "original": {
        "owner": "numtide",
        "repo": "flake-utils",
        "type": "github"
      }
    },
    "utils_2": {
      "locked": {
        "lastModified": 1653893745,
        "narHash": "sha256-0jntwV3Z8//YwuOjzhV2sgJJPt+HY6KhU7VZUL0fKZQ=",
        "owner": "numtide",
        "repo": "flake-utils",
        "rev": "1ed9fb1935d260de5fe1c2f7ee0ebaae17ed2fa1",
        "type": "github"
      },
      "original": {
        "owner": "numtide",
        "repo": "flake-utils",
        "type": "github"
      }
    }
  },
  "root": "root",
  "version": 7
}
