{
  "nodes": {
    "absolut-series-scanner": {
      "flake": false,
      "locked": {
        "lastModified": 1654507779,
        "narHash": "sha256-2bdp0e5XES/phLLUP2mngwITUWdZIE6Y6ness86xSNI=",
        "owner": "ZeroQI",
        "repo": "Absolute-Series-Scanner",
        "rev": "4ef18a738c6263a8b96ab6f83ae391d4550b9cc9",
        "type": "github"
      },
      "original": {
        "owner": "ZeroQI",
        "repo": "Absolute-Series-Scanner",
        "type": "github"
      }
    },
    "agenix": {
      "inputs": {
        "nixpkgs": "nixpkgs"
      },
      "locked": {
        "lastModified": 1652712410,
        "narHash": "sha256-hMJ2TqLt0DleEnQFGUHK9sV2aAzJPU8pZeiZoqRozbE=",
        "owner": "ryantm",
        "repo": "agenix",
        "rev": "7e5e58b98c3dcbf497543ff6f22591552ebfe65b",
        "type": "github"
      },
      "original": {
        "owner": "ryantm",
        "repo": "agenix",
        "type": "github"
      }
    },
    "base64-src": {
      "flake": false,
      "locked": {
        "lastModified": 1468170709,
        "narHash": "sha256-dt6i1j0rqH7lA+2XXp9KTEhj2GvYueyGrHh9VXBEsbw=",
        "ref": "master",
        "rev": "7d5a89229a525452e37504976a73c35fbaf2fe4d",
        "revCount": 1,
        "type": "git",
        "url": "https://gist.github.com/f0fd86b6c73063283afe550bc5d77594.git"
      },
      "original": {
        "type": "git",
        "url": "https://gist.github.com/f0fd86b6c73063283afe550bc5d77594.git"
      }
    },
    "cmus-notify": {
      "flake": false,
      "locked": {
        "lastModified": 1612135493,
        "narHash": "sha256-D0kt7ZJJmFceJC2Gp/MLRzIcwfWfr0FVSBbNOmsofOo=",
        "owner": "dcx86r",
        "repo": "cmus-notify",
        "rev": "e6c34df22d0eba52e60bddcfda9b3f2f8233eb3c",
        "type": "github"
      },
      "original": {
        "owner": "dcx86r",
        "repo": "cmus-notify",
        "type": "github"
      }
    },
    "deploy-rs": {
      "inputs": {
        "flake-compat": "flake-compat",
        "nixpkgs": "nixpkgs_2",
        "utils": "utils"
      },
      "locked": {
        "lastModified": 1653594315,
        "narHash": "sha256-kJ0ENmnQJ4qL2FeYKZba9kvv1KmIuB3NVpBwMeI7AJQ=",
        "owner": "serokell",
        "repo": "deploy-rs",
        "rev": "184349d8149436748986d1bdba087e4149e9c160",
        "type": "github"
      },
      "original": {
        "owner": "serokell",
        "repo": "deploy-rs",
        "type": "github"
      }
    },
    "fcitx5-adwaita": {
      "flake": false,
      "locked": {
        "lastModified": 1630136072,
        "narHash": "sha256-A71xTbAvX9iae4T8TvflJuv7NV+lXZr3nb7L6f2/IZs=",
        "owner": "escape0707",
        "repo": "fcitx5-adwaita-dark",
        "rev": "1d45848312368595f3eeb9c246f203ca7032cbdd",
        "type": "github"
      },
      "original": {
        "owner": "escape0707",
        "repo": "fcitx5-adwaita-dark",
        "type": "github"
      }
    },
    "flake-compat": {
      "flake": false,
      "locked": {
        "lastModified": 1648199409,
        "narHash": "sha256-JwPKdC2PoVBkG6E+eWw3j6BMR6sL3COpYWfif7RVb8Y=",
        "owner": "edolstra",
        "repo": "flake-compat",
        "rev": "64a525ee38886ab9028e6f61790de0832aa3ef03",
        "type": "github"
      },
      "original": {
        "owner": "edolstra",
        "repo": "flake-compat",
        "type": "github"
      }
    },
    "flake-compat_2": {
      "flake": false,
      "locked": {
        "lastModified": 1650374568,
        "narHash": "sha256-Z+s0J8/r907g149rllvwhb4pKi8Wam5ij0st8PwAh+E=",
        "owner": "edolstra",
        "repo": "flake-compat",
        "rev": "b4a34015c698c7793d592d66adbab377907a2be8",
        "type": "github"
      },
      "original": {
        "owner": "edolstra",
        "repo": "flake-compat",
        "type": "github"
      }
    },
    "gobot": {
      "flake": false,
      "locked": {
        "lastModified": 1655646427,
        "narHash": "sha256-9ktyoe2di3dp9azTHlfFJeBxvmbuiMDDh0rBcgCFBRg=",
        "owner": "c0nvulsiv3",
        "repo": "gobot",
        "rev": "e35d18dc2eb28d8d7b1170e158ee8215e7f855f3",
        "type": "github"
      },
      "original": {
        "owner": "c0nvulsiv3",
        "repo": "gobot",
        "type": "github"
      }
    },
    "gourou-src": {
      "flake": false,
      "locked": {
        "lastModified": 1654435760,
        "narHash": "sha256-X94UbSwAp3rtioC8FCgJcOlVNZ5rvaAeIIVlKocFwus=",
        "ref": "master",
        "rev": "4f288f4e241e3cc711a10fdcf4078fd4ddfab7c2",
        "revCount": 81,
        "type": "git",
        "url": "git://soutade.fr/libgourou.git"
      },
      "original": {
        "type": "git",
        "url": "git://soutade.fr/libgourou.git"
      }
    },
    "hama-bundle": {
      "flake": false,
      "locked": {
        "lastModified": 1653304584,
        "narHash": "sha256-2aLMfjc/qMImWx3nSBpRIiJJM66PUbACwUmtkKW7QCE=",
        "owner": "ZeroQI",
        "repo": "Hama.bundle",
        "rev": "16c8a40a7b004ed14e46cd457d8c393672a09c5a",
        "type": "github"
      },
      "original": {
        "owner": "ZeroQI",
        "repo": "Hama.bundle",
        "type": "github"
      }
    },
    "homeManager": {
      "inputs": {
        "flake-compat": "flake-compat_2",
        "nixpkgs": [
          "nixpkgs-unstable"
        ],
        "nmd": "nmd",
        "nmt": "nmt",
        "utils": "utils_2"
      },
      "locked": {
        "lastModified": 1655928858,
        "narHash": "sha256-qVOcb7WVDiqs2yseZwCZRsKT0be8bF3NZufdBZVvZXU=",
        "owner": "nix-community",
        "repo": "home-manager",
        "rev": "e622bad16372aa5ada79a7fa749ec78715dffc54",
        "type": "github"
      },
      "original": {
        "owner": "nix-community",
        "repo": "home-manager",
        "type": "github"
      }
    },
    "knock": {
      "inputs": {
        "base64-src": "base64-src",
        "gourou-src": "gourou-src",
        "nixpkgs": "nixpkgs_3",
        "pugixml-src": "pugixml-src",
        "updfparser-src": "updfparser-src"
      },
      "locked": {
        "lastModified": 1655869362,
        "narHash": "sha256-o+09z+nI9MK71bp1+NVzgy7kQiNFSYBet2NbPBG/G28=",
        "owner": "BentonEdmondson",
        "repo": "knock",
        "rev": "26fe53dfd8e20fbf6147996b763b76dac3ad8a93",
        "type": "github"
      },
      "original": {
        "owner": "BentonEdmondson",
        "repo": "knock",
        "type": "github"
      }
    },
    "myanimelist-bundle": {
      "flake": false,
      "locked": {
        "lastModified": 1654153544,
        "narHash": "sha256-5F/ILQpvgEEDGFGcxyNkVv9teDT8DEBXSjcFNf1Bdpo=",
        "owner": "Fribb",
        "repo": "MyAnimeList.bundle",
        "rev": "d4b0386b05ec45ecced119acc1b1ccfb24603617",
        "type": "github"
      },
      "original": {
        "owner": "Fribb",
        "repo": "MyAnimeList.bundle",
        "type": "github"
      }
    },
    "nixgl": {
      "inputs": {
        "nixpkgs": [
          "nixpkgs-unstable"
        ]
      },
      "locked": {
        "lastModified": 1654775507,
        "narHash": "sha256-NPkQiaz6Oo5EuWj5hRXMKebAhAfiVtnklii0imR85dE=",
        "owner": "guibou",
        "repo": "nixGL",
        "rev": "1cce2dd704829504d057dacc71daf1c00951460d",
        "type": "github"
      },
      "original": {
        "owner": "guibou",
        "repo": "nixGL",
        "type": "github"
      }
    },
    "nixpkgs": {
      "locked": {
        "lastModified": 1638587357,
        "narHash": "sha256-2ySMW3QARG8BsRPmwe7clTbdCuaObromOKewykP+UJc=",
        "owner": "nixos",
        "repo": "nixpkgs",
        "rev": "e34c5379866833f41e2a36f309912fa675d687c7",
        "type": "github"
      },
      "original": {
        "owner": "nixos",
        "ref": "nixos-21.11",
        "repo": "nixpkgs",
        "type": "github"
      }
    },
    "nixpkgs-pop-launcher": {
      "locked": {
        "lastModified": 1655934068,
        "narHash": "sha256-vs9HPA5ezLyTvuM7GbxpEg1hsN94mAvjE1ndnQhZJxM=",
        "owner": "samhug",
        "repo": "nixpkgs",
        "rev": "583b1a563a4d2bd3e2355cc0505a4a464e24ba51",
        "type": "github"
      },
      "original": {
        "owner": "samhug",
        "ref": "pop-launcher",
        "repo": "nixpkgs",
        "type": "github"
      }
    },
    "nixpkgs-stable": {
      "locked": {
        "lastModified": 1656007306,
        "narHash": "sha256-MsC44YZ6wuBwn5Bu8T+RVoQWlp2l5BR6hhmNoAAHIEw=",
        "owner": "nixos",
        "repo": "nixpkgs",
        "rev": "ccf8bdf72624521358be6bb7d9b524c4cbcf7aff",
        "type": "github"
      },
      "original": {
        "owner": "nixos",
        "ref": "nixos-22.05",
        "repo": "nixpkgs",
        "type": "github"
      }
    },
    "nixpkgs-unstable": {
      "locked": {
        "lastModified": 1655983783,
        "narHash": "sha256-0h1FzkYWei24IdKNpCX93onkF/FMiXQG8SdEbTc0r8A=",
        "owner": "nixos",
        "repo": "nixpkgs",
        "rev": "6141b8932a5cf376fe18fcd368cecd9ad946cb68",
        "type": "github"
      },
      "original": {
        "owner": "nixos",
        "ref": "nixos-unstable",
        "repo": "nixpkgs",
        "type": "github"
      }
    },
    "nixpkgs_2": {
      "locked": {
        "lastModified": 1648219316,
        "narHash": "sha256-Ctij+dOi0ZZIfX5eMhgwugfvB+WZSrvVNAyAuANOsnQ=",
        "owner": "NixOS",
        "repo": "nixpkgs",
        "rev": "30d3d79b7d3607d56546dd2a6b49e156ba0ec634",
        "type": "github"
      },
      "original": {
        "owner": "NixOS",
        "ref": "nixpkgs-unstable",
        "repo": "nixpkgs",
        "type": "github"
      }
    },
    "nixpkgs_3": {
      "locked": {
        "lastModified": 1654230545,
        "narHash": "sha256-8Vlwf0x8ow6pPOK2a04bT+pxIeRnM1+O0Xv9/CuDzRs=",
        "owner": "NixOS",
        "repo": "nixpkgs",
        "rev": "236cc2971ac72acd90f0ae3a797f9f83098b17ec",
        "type": "github"
      },
      "original": {
        "owner": "NixOS",
        "ref": "nixos-unstable",
        "repo": "nixpkgs",
        "type": "github"
      }
    },
    "nmd": {
      "flake": false,
      "locked": {
        "lastModified": 1653339422,
        "narHash": "sha256-RNLq09vfj21TyYuUCeD6BNTNC6Ew8bLhQULZytN4Xx8=",
        "owner": "rycee",
        "repo": "nmd",
        "rev": "91dee681dd1c478d6040a00835d73c0f4a4c5c29",
        "type": "gitlab"
      },
      "original": {
        "owner": "rycee",
        "repo": "nmd",
        "type": "gitlab"
      }
    },
    "nmt": {
      "flake": false,
      "locked": {
        "lastModified": 1648075362,
        "narHash": "sha256-u36WgzoA84dMVsGXzml4wZ5ckGgfnvS0ryzo/3zn/Pc=",
        "owner": "rycee",
        "repo": "nmt",
        "rev": "d83601002c99b78c89ea80e5e6ba21addcfe12ae",
        "type": "gitlab"
      },
      "original": {
        "owner": "rycee",
        "repo": "nmt",
        "type": "gitlab"
      }
    },
    "nur": {
      "locked": {
        "lastModified": 1656063538,
        "narHash": "sha256-eHuCBPH0m+5B5Cy9ynCd9B+LOK7wG4rLUsZ63H/SbDk=",
        "owner": "nix-community",
        "repo": "NUR",
        "rev": "6faa7202d7a5c31eaff27b6a3ccdc332f0f66c4d",
        "type": "github"
      },
      "original": {
        "owner": "nix-community",
        "repo": "NUR",
        "type": "github"
      }
    },
    "pop-launcher": {
      "flake": false,
      "locked": {
        "lastModified": 1653576846,
        "narHash": "sha256-U7Is+wHkZDdo1KRGXle2mXpeeJSdt8UYv93tn0Uw6Q0=",
        "owner": "pop-os",
        "repo": "launcher",
        "rev": "3f8253ad76bb6e7ca2032b0f2a3b8772da634140",
        "type": "github"
      },
      "original": {
        "owner": "pop-os",
        "repo": "launcher",
        "type": "github"
      }
    },
    "pop-shell": {
      "flake": false,
      "locked": {
        "lastModified": 1654875799,
        "narHash": "sha256-PUreQ+eNqZfAWb100M9psG5Wo9b7CRx2uO7XEGma6kE=",
        "owner": "pop-os",
        "repo": "shell",
        "rev": "811201b37a6dafa51539f26cf7da029d4ccdbafb",
        "type": "github"
      },
      "original": {
        "owner": "pop-os",
        "ref": "master_jammy",
        "repo": "shell",
        "type": "github"
      }
    },
    "pugixml-src": {
      "flake": false,
      "locked": {
        "lastModified": 1644379750,
        "narHash": "sha256-FLemG9T17n6l7vgb01OmO22BK59jv5uozVHeUnILEEQ=",
        "owner": "zeux",
        "repo": "pugixml",
        "rev": "314baf6605143f1e837209008f490e8559529e1c",
        "type": "github"
      },
      "original": {
        "owner": "zeux",
        "ref": "latest",
        "repo": "pugixml",
        "type": "github"
      }
    },
    "root": {
      "inputs": {
        "absolut-series-scanner": "absolut-series-scanner",
        "agenix": "agenix",
        "cmus-notify": "cmus-notify",
        "deploy-rs": "deploy-rs",
        "fcitx5-adwaita": "fcitx5-adwaita",
        "gobot": "gobot",
        "hama-bundle": "hama-bundle",
        "homeManager": "homeManager",
        "knock": "knock",
        "myanimelist-bundle": "myanimelist-bundle",
        "nixgl": "nixgl",
        "nixpkgs-pop-launcher": "nixpkgs-pop-launcher",
        "nixpkgs-stable": "nixpkgs-stable",
        "nixpkgs-unstable": "nixpkgs-unstable",
        "nur": "nur",
        "pop-launcher": "pop-launcher",
        "pop-shell": "pop-shell",
        "services-bundle": "services-bundle",
        "syncplay": "syncplay"
      }
    },
    "services-bundle": {
      "flake": false,
      "locked": {
        "lastModified": 1310880832,
        "narHash": "sha256-igHkDSCWXociyY5u5TzwRDI5K5mYyZCpk7O6aAS5hto=",
        "owner": "pierre1313",
        "repo": "Services.bundle",
        "rev": "57d2257b7826140700e9d3891f0f5c6fbe08dfcf",
        "type": "github"
      },
      "original": {
        "owner": "pierre1313",
        "repo": "Services.bundle",
        "type": "github"
      }
    },
    "syncplay": {
      "flake": false,
      "locked": {
        "lastModified": 1652610940,
        "narHash": "sha256-xMBdJ53i9+ChW8srg8eoyZIo32Dtl38OYPQR87Znhlc=",
        "owner": "Syncplay",
        "repo": "syncplay",
        "rev": "f555c1d7a16aae6999c83cfc508bf68a9a07a7a6",
        "type": "github"
      },
      "original": {
        "owner": "Syncplay",
        "repo": "syncplay",
        "type": "github"
      }
    },
    "updfparser-src": {
      "flake": false,
      "locked": {
        "lastModified": 1647424063,
        "narHash": "sha256-9dvibKiUbbI4CrmuAaJzlpntT0XdLvdGeC2/WzjlA5U=",
        "ref": "master",
        "rev": "9d56c1d0b1ce81aae4c8db9d99a8b5d1f7967bcf",
        "revCount": 25,
        "type": "git",
        "url": "git://soutade.fr/updfparser.git"
      },
      "original": {
        "type": "git",
        "url": "git://soutade.fr/updfparser.git"
      }
    },
    "utils": {
      "locked": {
        "lastModified": 1648297722,
        "narHash": "sha256-W+qlPsiZd8F3XkzXOzAoR+mpFqzm3ekQkJNa+PIh1BQ=",
        "owner": "numtide",
        "repo": "flake-utils",
        "rev": "0f8662f1319ad6abf89b3380dd2722369fc51ade",
        "type": "github"
      },
      "original": {
        "owner": "numtide",
        "repo": "flake-utils",
        "type": "github"
      }
    },
    "utils_2": {
      "locked": {
        "lastModified": 1653893745,
        "narHash": "sha256-0jntwV3Z8//YwuOjzhV2sgJJPt+HY6KhU7VZUL0fKZQ=",
        "owner": "numtide",
        "repo": "flake-utils",
        "rev": "1ed9fb1935d260de5fe1c2f7ee0ebaae17ed2fa1",
        "type": "github"
      },
      "original": {
        "owner": "numtide",
        "repo": "flake-utils",
        "type": "github"
      }
    }
  },
  "root": "root",
  "version": 7
}
